# Generated by move; do not edit
# This file should be checked in.

[move]
version = 4

[pinned.testnet.MoveStdlib]
source = { git = "https://github.com/MystenLabs/sui.git", subdir = "crates/sui-framework/packages/move-stdlib", rev = "072a2111619715c3348d1b83c0526c3bcfa5cdd1" }
use_environment = "testnet"
manifest_digest = "C4FE4C91DE74CBF223B2E380AE40F592177D21870DC2D7EB6227D2D694E05363"
deps = {}

[pinned.testnet.Sui]
source = { git = "https://github.com/MystenLabs/sui.git", subdir = "crates/sui-framework/packages/sui-framework", rev = "072a2111619715c3348d1b83c0526c3bcfa5cdd1" }
use_environment = "testnet"
manifest_digest = "7AFB66695545775FBFBB2D3078ADFD084244D5002392E837FDE21D9EA1C6D01C"
deps = { MoveStdlib = "MoveStdlib" }

[pinned.testnet.components]
source = { git = "https://github.com/prajeet-shrestha/sui-game-engine.git", subdir = "components", rev = "74ffa023299ba715e179acaabf05e45a79ab449c" }
use_environment = "testnet"
manifest_digest = "6A5818E07C9D714C2D7F30F2087125E7759000F6A107D0B6D1F304704FC852FB"
deps = { Sui = "Sui", entity = "entity" }

[pinned.testnet.entity]
source = { git = "https://github.com/prajeet-shrestha/sui-game-engine.git", subdir = "entity", rev = "74ffa023299ba715e179acaabf05e45a79ab449c" }
use_environment = "testnet"
manifest_digest = "DEE42C89BB3F8EC67C17BC4AE0CEBE14A28F4FA787E857046EAF0FA38D556496"
deps = { Sui = "Sui" }

[pinned.testnet.sokoban]
source = { root = true }
use_environment = "testnet"
manifest_digest = "6239813C5F240B83E46DFBCF6A303E6991A74A96140658652D98110F472CAB04"
deps = { Sui = "Sui", world = "world" }

[pinned.testnet.systems]
source = { git = "https://github.com/prajeet-shrestha/sui-game-engine.git", subdir = "systems", rev = "74ffa023299ba715e179acaabf05e45a79ab449c" }
use_environment = "testnet"
manifest_digest = "9B3DB2F335F371C219195E65C2ED756E0F1C0FDD18AB1742B84CDAA2134F9F5E"
deps = { Sui = "Sui", components = "components", entity = "entity" }

[pinned.testnet.world]
source = { git = "https://github.com/prajeet-shrestha/sui-game-engine.git", subdir = "world", rev = "74ffa023299ba715e179acaabf05e45a79ab449c" }
use_environment = "testnet"
manifest_digest = "60EB9CBB73A47E45672029FB60DFD41AF962EB89CEB82E4B6EA1AF7C5BCE3159"
deps = { Sui = "Sui", components = "components", entity = "entity", systems = "systems" }
